{
  "name": "@luan-afonso/firstmate",
  "version": "1.0.1",
  "lockfileVersion": 3,
  "requires": true,
  "packages": {
    "": {
      "name": "@luan-afonso/firstmate",
      "version": "1.0.1",
      "license": "MIT",
      "dependencies": {
        "@webviewjs/webview": "^0.4.6"
      },
      "bin": {
        "firstmate": "dist/cli.js"
      },
      "devDependencies": {
        "@types/node": "^24.0.0",
        "typescript": "^5.8.0"
      },
      "engines": {
        "node": ">=24"
      }
    },
    "node_modules/@types/node": {
      "version": "24.13.5",
      "resolved": "https://registry.npmjs.org/@types/node/-/node-24.13.5.tgz",
      "integrity": "sha512-TXyindR+lBr22aJIdMQzCFHPHR6cR4js838mRDCSz5hOKWZvZwsXSSiXDmjRj4iJmgl+sR9O+1mkoVBSMadNug==",
      "dev": true,
      "license": "MIT",
      "dependencies": {
        "undici-types": "~7.18.0"
      }
    },
    "node_modules/@webviewjs/webview": {
      "version": "0.4.6",
      "resolved": "https://registry.npmjs.org/@webviewjs/webview/-/webview-0.4.6.tgz",
      "integrity": "sha512-GxRbyx18d9C8MgKbR6lz5+hz3uiW7+mfi3b8/3qo2kNGoH0btvUt6Sov/G9L6jtfdnTd5vz6X2YZ1kgM+EHdpw==",
      "license": "MIT",
      "bin": {
        "webview": "cli/index.mjs",
        "webviewjs": "cli/index.mjs"
      },
      "engines": {
        "node": ">= 24"
      },
      "optionalDependencies": {
        "@webviewjs/webview-android-arm-eabi": "0.4.6",
        "@webviewjs/webview-android-arm64": "0.4.6",
        "@webviewjs/webview-darwin-arm64": "0.4.6",
        "@webviewjs/webview-darwin-x64": "0.4.6",
        "@webviewjs/webview-freebsd-x64": "0.4.6",
        "@webviewjs/webview-linux-arm-gnueabihf": "0.4.6",
        "@webviewjs/webview-linux-arm64-gnu": "0.4.6",
        "@webviewjs/webview-linux-ia32-gnu": "0.4.6",
        "@webviewjs/webview-linux-x64-gnu": "0.4.6",
        "@webviewjs/webview-win32-arm64-msvc": "0.4.6",
        "@webviewjs/webview-win32-ia32-msvc": "0.4.6",
        "@webviewjs/webview-win32-x64-msvc": "0.4.6"
      }
    },
    "node_modules/@webviewjs/webview-android-arm-eabi": {
      "version": "0.4.6",
      "resolved": "https://registry.npmjs.org/@webviewjs/webview-android-arm-eabi/-/webview-android-arm-eabi-0.4.6.tgz",
      "integrity": "sha512-jNKPoCQlf+2NH6soNZ6EqY4geHOnJhrSZACWa9zGp5urrC3u1EHJbRWeNXWQfWb4I20rlXfY32/AUepPjzslRw==",
      "cpu": [
        "arm"
      ],
      "license": "MIT",
      "optional": true,
      "os": [
        "android"
      ],
      "engines": {
        "node": ">= 24"
      }
    },
    "node_modules/@webviewjs/webview-android-arm64": {
      "version": "0.4.6",
      "resolved": "https://registry.npmjs.org/@webviewjs/webview-android-arm64/-/webview-android-arm64-0.4.6.tgz",
      "integrity": "sha512-fEvJK320iSo5h3JDfM/gx6r5KY/3tO7KJAeBIZoLka2C9eMuoK/yjAiRJYnjS54kpqqmWk5mdM9C1Gqsmp8qcg==",
      "cpu": [
        "arm64"
      ],
      "license": "MIT",
      "optional": true,
      "os": [
        "android"
      ],
      "engines": {
        "node": ">= 24"
      }
    },
    "node_modules/@webviewjs/webview-darwin-arm64": {
      "version": "0.4.6",
      "resolved": "https://registry.npmjs.org/@webviewjs/webview-darwin-arm64/-/webview-darwin-arm64-0.4.6.tgz",
      "integrity": "sha512-Z4t8WkgaV4cfSOBgOMthO3DAfGFdspuyqv/H0U7PKQiEgkP4v29Rt+h3pJcAynn1EreSFmNURr4oKOurSHrTjw==",
      "cpu": [
        "arm64"
      ],
      "license": "MIT",
      "optional": true,
      "os": [
        "darwin"
      ],
      "engines": {
        "node": ">= 24"
      }
    },
    "node_modules/@webviewjs/webview-darwin-x64": {
      "version": "0.4.6",
      "resolved": "https://registry.npmjs.org/@webviewjs/webview-darwin-x64/-/webview-darwin-x64-0.4.6.tgz",
      "integrity": "sha512-3IQ5vmB7F+HwX6bAlPby+aTDaqDvrwZUt98Gg7OPMYEmFcLuu9hDGjuDsVTStC/nUp8Ag52cDRZ+vF0GYC68BQ==",
      "cpu": [
        "x64"
      ],
      "license": "MIT",
      "optional": true,
      "os": [
        "darwin"
      ],
      "engines": {
        "node": ">= 24"
      }
    },
    "node_modules/@webviewjs/webview-freebsd-x64": {
      "version": "0.4.6",
      "resolved": "https://registry.npmjs.org/@webviewjs/webview-freebsd-x64/-/webview-freebsd-x64-0.4.6.tgz",
      "integrity": "sha512-rgQtVmm9Z8zZDnGHC/c9U4RkpIFJxmpdoCzJ6917lLLGMDxkcODF4EL8erFtn6Cv8Uja2WI9D/rWHBgX2qxiSw==",
      "cpu": [
        "x64"
      ],
      "license": "MIT",
      "optional": true,
      "os": [
        "freebsd"
      ],
      "engines": {
        "node": ">= 24"
      }
    },
    "node_modules/@webviewjs/webview-linux-arm-gnueabihf": {
      "version": "0.4.6",
      "resolved": "https://registry.npmjs.org/@webviewjs/webview-linux-arm-gnueabihf/-/webview-linux-arm-gnueabihf-0.4.6.tgz",
      "integrity": "sha512-VS6e2sOVnl9yOJe/DTR3mQBG77gBcm0CQ/YiFdybwcnhCJrNeejvTLOPORBh476KV5je19tw/3YOYYcAGmgi+A==",
      "cpu": [
        "arm"
      ],
      "license": "MIT",
      "optional": true,
      "os": [
        "linux"
      ],
      "engines": {
        "node": ">= 24"
      }
    },
    "node_modules/@webviewjs/webview-linux-arm64-gnu": {
      "version": "0.4.6",
      "resolved": "https://registry.npmjs.org/@webviewjs/webview-linux-arm64-gnu/-/webview-linux-arm64-gnu-0.4.6.tgz",
      "integrity": "sha512-l5d7z8LAGVRjjEkO+ESwcXLos2OAADVdVxBrpPF8JQzcvun3sKKWynnT1SXtC9f6gH9pZ8Dpcrz/vAA9UCXP8A==",
      "cpu": [
        "arm64"
      ],
      "libc": [
        "glibc"
      ],
      "license": "MIT",
      "optional": true,
      "os": [
        "linux"
      ],
      "engines": {
        "node": ">= 24"
      }
    },
    "node_modules/@webviewjs/webview-linux-ia32-gnu": {
      "version": "0.4.6",
      "resolved": "https://registry.npmjs.org/@webviewjs/webview-linux-ia32-gnu/-/webview-linux-ia32-gnu-0.4.6.tgz",
      "integrity": "sha512-F1WPGtclyDuHAWtCYWHok7TOCJqvyKcVewDq3afvqwWqDHVh4D2gyeApiflMtGscVrLRQDY77zPUdDO241mDsw==",
      "cpu": [
        "ia32"
      ],
      "libc": [
        "glibc"
      ],
      "license": "MIT",
      "optional": true,
      "os": [
        "linux"
      ],
      "engines": {
        "node": ">= 24"
      }
    },
    "node_modules/@webviewjs/webview-linux-x64-gnu": {
      "version": "0.4.6",
      "resolved": "https://registry.npmjs.org/@webviewjs/webview-linux-x64-gnu/-/webview-linux-x64-gnu-0.4.6.tgz",
      "integrity": "sha512-ULLd29CKA+HRFPm+MJYF07KgVtGRoPGzA0Fo34jmnHRWzMsZK/MZD/is5NKygSajYHQN0m9zfaydL3/BK9nuWA==",
      "cpu": [
        "x64"
      ],
      "libc": [
        "glibc"
      ],
      "license": "MIT",
      "optional": true,
      "os": [
        "linux"
      ],
      "engines": {
        "node": ">= 24"
      }
    },
    "node_modules/@webviewjs/webview-win32-arm64-msvc": {
      "version": "0.4.6",
      "resolved": "https://registry.npmjs.org/@webviewjs/webview-win32-arm64-msvc/-/webview-win32-arm64-msvc-0.4.6.tgz",
      "integrity": "sha512-Wh2+kq/+naIIUJC0CwcYzP2ATQUI0IlCg/ulp5PFjZZsGLzMRjo2P6NerWSIgveTF790J1pK621S+xHJSLvXtg==",
      "cpu": [
        "arm64"
      ],
      "license": "MIT",
      "optional": true,
      "os": [
        "win32"
      ],
      "engines": {
        "node": ">= 24"
      }
    },
    "node_modules/@webviewjs/webview-win32-ia32-msvc": {
      "version": "0.4.6",
      "resolved": "https://registry.npmjs.org/@webviewjs/webview-win32-ia32-msvc/-/webview-win32-ia32-msvc-0.4.6.tgz",
      "integrity": "sha512-BpVso2vUwAJ9h7oU5Ic80U/gu10qsD4G5fs8KYyctYPpPtNMPlpSCh1prYnEsTd/4H2gPp44Wy5R6dtSD7bkzA==",
      "cpu": [
        "ia32"
      ],
      "license": "MIT",
      "optional": true,
      "os": [
        "win32"
      ],
      "engines": {
        "node": ">= 24"
      }
    },
    "node_modules/@webviewjs/webview-win32-x64-msvc": {
      "version": "0.4.6",
      "resolved": "https://registry.npmjs.org/@webviewjs/webview-win32-x64-msvc/-/webview-win32-x64-msvc-0.4.6.tgz",
      "integrity": "sha512-d2SHxL7eEJigh5EGuANs5qi38GP3YbNsT1giXhDXt7OW4u2kwYJBDXsNB4PfCfAMGzuVPk2lfU619TXzvrUpbA==",
      "cpu": [
        "x64"
      ],
      "license": "MIT",
      "optional": true,
      "os": [
        "win32"
      ],
      "engines": {
        "node": ">= 24"
      }
    },
    "node_modules/typescript": {
      "version": "5.9.3",
      "resolved": "https://registry.npmjs.org/typescript/-/typescript-5.9.3.tgz",
      "integrity": "sha512-jl1vZzPDinLr9eUt3J/t7V6FgNEw9QjvBPdysz9KfQDD41fQrC2Y4vKQdiaUpFT4bXlb1RHhLpp8wtm6M5TgSw==",
      "dev": true,
      "license": "Apache-2.0",
      "bin": {
        "tsc": "bin/tsc",
        "tsserver": "bin/tsserver"
      },
      "engines": {
        "node": ">=14.17"
      }
    },
    "node_modules/undici-types": {
      "version": "7.18.2",
      "resolved": "https://registry.npmjs.org/undici-types/-/undici-types-7.18.2.tgz",
      "integrity": "sha512-AsuCzffGHJybSaRrmr5eHr81mwJU3kjw6M+uprWvCXiNeN9SOGwQ3Jn8jb8m3Z6izVgknn1R0FTCEAP2QrLY/w==",
      "dev": true,
      "license": "MIT"
    }
  }
}
